// !$*UTF8*$!
{
	archiveVersion = 1;
	classes = {
	};
	objectVersion = 46;
	objects = {

/* Begin PBXBuildFile section */
		D0FF1D031B34C9280029BFA9 /* AppDelegate.swift in Sources */ = {isa = PBXBuildFile; fileRef = D0FF1D021B34C9280029BFA9 /* AppDelegate.swift */; };
		D0FF1D051B34C9280029BFA9 /* ViewController.swift in Sources */ = {isa = PBXBuildFile; fileRef = D0FF1D041B34C9280029BFA9 /* ViewController.swift */; };
		D0FF1D081B34C9280029BFA9 /* Main.storyboard in Resources */ = {isa = PBXBuildFile; fileRef = D0FF1D061B34C9280029BFA9 /* Main.storyboard */; };
		D0FF1D0A1B34C9280029BFA9 /* Assets.xcassets in Resources */ = {isa = PBXBuildFile; fileRef = D0FF1D091B34C9280029BFA9 /* Assets.xcassets */; };
		D0FF1D0D1B34C9280029BFA9 /* LaunchScreen.storyboard in Resources */ = {isa = PBXBuildFile; fileRef = D0FF1D0B1B34C9280029BFA9 /* LaunchScreen.storyboard */; };
		D0FF1D121B34C9280029BFA9 /* Cowmplication WatchKit App.app in Embed Watch Content */ = {isa = PBXBuildFile; fileRef = D0FF1D111B34C9280029BFA9 /* Cowmplication WatchKit App.app */; };
		D0FF1D181B34C9280029BFA9 /* Interface.storyboard in Resources */ = {isa = PBXBuildFile; fileRef = D0FF1D161B34C9280029BFA9 /* Interface.storyboard */; };
		D0FF1D1A1B34C9280029BFA9 /* Assets.xcassets in Resources */ = {isa = PBXBuildFile; fileRef = D0FF1D191B34C9280029BFA9 /* Assets.xcassets */; };
		D0FF1D211B34C9280029BFA9 /* Cowmplication WatchKit Extension.appex in Embed App Extensions */ = {isa = PBXBuildFile; fileRef = D0FF1D201B34C9280029BFA9 /* Cowmplication WatchKit Extension.appex */; settings = {ATTRIBUTES = (RemoveHeadersOnCopy, ); }; };
		D0FF1D261B34C9280029BFA9 /* InterfaceController.swift in Sources */ = {isa = PBXBuildFile; fileRef = D0FF1D251B34C9280029BFA9 /* InterfaceController.swift */; };
		D0FF1D281B34C9280029BFA9 /* ExtensionDelegate.swift in Sources */ = {isa = PBXBuildFile; fileRef = D0FF1D271B34C9280029BFA9 /* ExtensionDelegate.swift */; };
		D0FF1D2A1B34C9280029BFA9 /* Assets.xcassets in Resources */ = {isa = PBXBuildFile; fileRef = D0FF1D291B34C9280029BFA9 /* Assets.xcassets */; };
		D0FF1D3B1B34C98F0029BFA9 /* Cowmplication.swift in Sources */ = {isa = PBXBuildFile; fileRef = D0FF1D391B34C93B0029BFA9 /* Cowmplication.swift */; };
/* End PBXBuildFile section */

/* Begin PBXContainerItemProxy section */
		D0FF1D131B34C9280029BFA9 /* PBXContainerItemProxy */ = {
			isa = PBXContainerItemProxy;
			containerPortal = D0FF1CF71B34C9280029BFA9 /* Project object */;
			proxyType = 1;
			remoteGlobalIDString = D0FF1D101B34C9280029BFA9;
			remoteInfo = "Cowmplication WatchKit App";
		};
		D0FF1D221B34C9280029BFA9 /* PBXContainerItemProxy */ = {
			isa = PBXContainerItemProxy;
			containerPortal = D0FF1CF71B34C9280029BFA9 /* Project object */;
			proxyType = 1;
			remoteGlobalIDString = D0FF1D1F1B34C9280029BFA9;
			remoteInfo = "Cowmplication WatchKit Extension";
		};
/* End PBXContainerItemProxy section */

/* Begin PBXCopyFilesBuildPhase section */
		D0FF1D311B34C9280029BFA9 /* Embed App Extensions */ = {
			isa = PBXCopyFilesBuildPhase;
			buildActionMask = 2147483647;
			dstPath = "";
			dstSubfolderSpec = 13;
			files = (
				D0FF1D211B34C9280029BFA9 /* Cowmplication WatchKit Extension.appex in Embed App Extensions */,
			);
			name = "Embed App Extensions";
			runOnlyForDeploymentPostprocessing = 0;
		};
		D0FF1D351B34C9280029BFA9 /* Embed Watch Content */ = {
			isa = PBXCopyFilesBuildPhase;
			buildActionMask = 2147483647;
			dstPath = "$(CONTENTS_FOLDER_PATH)/Watch";
			dstSubfolderSpec = 16;
			files = (
				D0FF1D121B34C9280029BFA9 /* Cowmplication WatchKit App.app in Embed Watch Content */,
			);
			name = "Embed Watch Content";
			runOnlyForDeploymentPostprocessing = 0;
		};
/* End PBXCopyFilesBuildPhase section */

/* Begin PBXFileReference section */
		D0FF1CFF1B34C9280029BFA9 /* Cowmplication.app */ = {isa = PBXFileReference; explicitFileType = wrapper.application; includeInIndex = 0; path = Cowmplication.app; sourceTree = BUILT_PRODUCTS_DIR; };
		D0FF1D021B34C9280029BFA9 /* AppDelegate.swift */ = {isa = PBXFileReference; lastKnownFileType = sourcecode.swift; path = AppDelegate.swift; sourceTree = "<group>"; };
		D0FF1D041B34C9280029BFA9 /* ViewController.swift */ = {isa = PBXFileReference; lastKnownFileType = sourcecode.swift; path = ViewController.swift; sourceTree = "<group>"; };
		D0FF1D071B34C9280029BFA9 /* Base */ = {isa = PBXFileReference; lastKnownFileType = file.storyboard; name = Base; path = Base.lproj/Main.storyboard; sourceTree = "<group>"; };
		D0FF1D091B34C9280029BFA9 /* Assets.xcassets */ = {isa = PBXFileReference; lastKnownFileType = folder.assetcatalog; path = Assets.xcassets; sourceTree = "<group>"; };
		D0FF1D0C1B34C9280029BFA9 /* Base */ = {isa = PBXFileReference; lastKnownFileType = file.storyboard; name = Base; path = Base.lproj/LaunchScreen.storyboard; sourceTree = "<group>"; };
		D0FF1D0E1B34C9280029BFA9 /* Info.plist */ = {isa = PBXFileReference; lastKnownFileType = text.plist.xml; path = Info.plist; sourceTree = "<group>"; };
		D0FF1D111B34C9280029BFA9 /* Cowmplication WatchKit App.app */ = {isa = PBXFileReference; explicitFileType = wrapper.application; includeInIndex = 0; path = "Cowmplication WatchKit App.app"; sourceTree = BUILT_PRODUCTS_DIR; };
		D0FF1D171B34C9280029BFA9 /* Base */ = {isa = PBXFileReference; lastKnownFileType = file.storyboard; name = Base; path = Base.lproj/Interface.storyboard; sourceTree = "<group>"; };
		D0FF1D191B34C9280029BFA9 /* Assets.xcassets */ = {isa = PBXFileReference; lastKnownFileType = folder.assetcatalog; path = Assets.xcassets; sourceTree = "<group>"; };
		D0FF1D1B1B34C9280029BFA9 /* Info.plist */ = {isa = PBXFileReference; lastKnownFileType = text.plist.xml; path = Info.plist; sourceTree = "<group>"; };
		D0FF1D201B34C9280029BFA9 /* Cowmplication WatchKit Extension.appex */ = {isa = PBXFileReference; explicitFileType = "wrapper.app-extension"; includeInIndex = 0; path = "Cowmplication WatchKit Extension.appex"; sourceTree = BUILT_PRODUCTS_DIR; };
		D0FF1D251B34C9280029BFA9 /* InterfaceController.swift */ = {isa = PBXFileReference; lastKnownFileType = sourcecode.swift; path = InterfaceController.swift; sourceTree = "<group>"; };
		D0FF1D271B34C9280029BFA9 /* ExtensionDelegate.swift */ = {isa = PBXFileReference; lastKnownFileType = sourcecode.swift; path = ExtensionDelegate.swift; sourceTree = "<group>"; };
		D0FF1D291B34C9280029BFA9 /* Assets.xcassets */ = {isa = PBXFileReference; lastKnownFileType = folder.assetcatalog; path = Assets.xcassets; sourceTree = "<group>"; };
		D0FF1D2B1B34C9280029BFA9 /* Info.plist */ = {isa = PBXFileReference; lastKnownFileType = text.plist.xml; path = Info.plist; sourceTree = "<group>"; };
		D0FF1D391B34C93B0029BFA9 /* Cowmplication.swift */ = {isa = PBXFileReference; fileEncoding = 4; lastKnownFileType = sourcecode.swift; name = Cowmplication.swift; path = ../Cowmplication/Cowmplication.swift; sourceTree = "<group>"; };
/* End PBXFileReference section */

/* Begin PBXFrameworksBuildPhase section */
		D0FF1CFC1B34C9280029BFA9 /* Frameworks */ = {
			isa = PBXFrameworksBuildPhase;
			buildActionMask = 2147483647;
			files = (
			);
			runOnlyForDeploymentPostprocessing = 0;
		};
		D0FF1D1D1B34C9280029BFA9 /* Frameworks */ = {
			isa = PBXFrameworksBuildPhase;
			buildActionMask = 2147483647;
			files = (
			);
			runOnlyForDeploymentPostprocessing = 0;
		};
/* End PBXFrameworksBuildPhase section */

/* Begin PBXGroup section */
		D0FF1CF61B34C9280029BFA9 = {
			isa = PBXGroup;
			children = (
				D0FF1D011B34C9280029BFA9 /* Cowmplication */,
				D0FF1D151B34C9280029BFA9 /* Cowmplication WatchKit App */,
				D0FF1D241B34C9280029BFA9 /* Cowmplication WatchKit Extension */,
				D0FF1D001B34C9280029BFA9 /* Products */,
			);
			sourceTree = "<group>";
		};
		D0FF1D001B34C9280029BFA9 /* Products */ = {
			isa = PBXGroup;
			children = (
				D0FF1CFF1B34C9280029BFA9 /* Cowmplication.app */,
				D0FF1D111B34C9280029BFA9 /* Cowmplication WatchKit App.app */,
				D0FF1D201B34C9280029BFA9 /* Cowmplication WatchKit Extension.appex */,
			);
			name = Products;
			sourceTree = "<group>";
		};
		D0FF1D011B34C9280029BFA9 /* Cowmplication */ = {
			isa = PBXGroup;
			children = (
				D0FF1D021B34C9280029BFA9 /* AppDelegate.swift */,
				D0FF1D041B34C9280029BFA9 /* ViewController.swift */,
				D0FF1D061B34C9280029BFA9 /* Main.storyboard */,
				D0FF1D091B34C9280029BFA9 /* Assets.xcassets */,
				D0FF1D0B1B34C9280029BFA9 /* LaunchScreen.storyboard */,
				D0FF1D0E1B34C9280029BFA9 /* Info.plist */,
			);
			path = Cowmplication;
			sourceTree = "<group>";
		};
		D0FF1D151B34C9280029BFA9 /* Cowmplication WatchKit App */ = {
			isa = PBXGroup;
			children = (
				D0FF1D161B34C9280029BFA9 /* Interface.storyboard */,
				D0FF1D191B34C9280029BFA9 /* Assets.xcassets */,
				D0FF1D1B1B34C9280029BFA9 /* Info.plist */,
			);
			path = "Cowmplication WatchKit App";
			sourceTree = "<group>";
		};
		D0FF1D241B34C9280029BFA9 /* Cowmplication WatchKit Extension */ = {
			isa = PBXGroup;
			children = (
				D0FF1D391B34C93B0029BFA9 /* Cowmplication.swift */,
				D0FF1D251B34C9280029BFA9 /* InterfaceController.swift */,
				D0FF1D271B34C9280029BFA9 /* ExtensionDelegate.swift */,
				D0FF1D291B34C9280029BFA9 /* Assets.xcassets */,
				D0FF1D2B1B34C9280029BFA9 /* Info.plist */,
			);
			path = "Cowmplication WatchKit Extension";
			sourceTree = "<group>";
		};
/* End PBXGroup section */

/* Begin PBXNativeTarget section */
		D0FF1CFE1B34C9280029BFA9 /* Cowmplication */ = {
			isa = PBXNativeTarget;
			buildConfigurationList = D0FF1D361B34C9280029BFA9 /* Build configuration list for PBXNativeTarget "Cowmplication" */;
			buildPhases = (
				D0FF1CFB1B34C9280029BFA9 /* Sources */,
				D0FF1CFC1B34C9280029BFA9 /* Frameworks */,
				D0FF1CFD1B34C9280029BFA9 /* Resources */,
				D0FF1D351B34C9280029BFA9 /* Embed Watch Content */,
			);
			buildRules = (
			);
			dependencies = (
				D0FF1D141B34C9280029BFA9 /* PBXTargetDependency */,
			);
			name = Cowmplication;
			productName = Cowmplication;
			productReference = D0FF1CFF1B34C9280029BFA9 /* Cowmplication.app */;
			productType = "com.apple.product-type.application";
		};
		D0FF1D101B34C9280029BFA9 /* Cowmplication WatchKit App */ = {
			isa = PBXNativeTarget;
			buildConfigurationList = D0FF1D321B34C9280029BFA9 /* Build configuration list for PBXNativeTarget "Cowmplication WatchKit App" */;
			buildPhases = (
				D0FF1D0F1B34C9280029BFA9 /* Resources */,
				D0FF1D311B34C9280029BFA9 /* Embed App Extensions */,
			);
			buildRules = (
			);
			dependencies = (
				D0FF1D231B34C9280029BFA9 /* PBXTargetDependency */,
			);
			name = "Cowmplication WatchKit App";
			productName = "Cowmplication WatchKit App";
			productReference = D0FF1D111B34C9280029BFA9 /* Cowmplication WatchKit App.app */;
			productType = "com.apple.product-type.application.watchapp2";
		};
		D0FF1D1F1B34C9280029BFA9 /* Cowmplication WatchKit Extension */ = {
			isa = PBXNativeTarget;
			buildConfigurationList = D0FF1D2E1B34C9280029BFA9 /* Build configuration list for PBXNativeTarget "Cowmplication WatchKit Extension" */;
			buildPhases = (
				D0FF1D1C1B34C9280029BFA9 /* Sources */,
				D0FF1D1D1B34C9280029BFA9 /* Frameworks */,
				D0FF1D1E1B34C9280029BFA9 /* Resources */,
			);
			buildRules = (
			);
			dependencies = (
			);
			name = "Cowmplication WatchKit Extension";
			productName = "Cowmplication WatchKit Extension";
			productReference = D0FF1D201B34C9280029BFA9 /* Cowmplication WatchKit Extension.appex */;
			productType = "com.apple.product-type.watchkit2-extension";
		};
/* End PBXNativeTarget section */

/* Begin PBXProject section */
		D0FF1CF71B34C9280029BFA9 /* Project object */ = {
			isa = PBXProject;
			attributes = {
				LastUpgradeCheck = 0700;
				ORGANIZATIONNAME = "Sneaky Crab";
				TargetAttributes = {
					D0FF1CFE1B34C9280029BFA9 = {
						CreatedOnToolsVersion = 7.0;
					};
					D0FF1D101B34C9280029BFA9 = {
						CreatedOnToolsVersion = 7.0;
					};
					D0FF1D1F1B34C9280029BFA9 = {
						CreatedOnToolsVersion = 7.0;
					};
				};
			};
			buildConfigurationList = D0FF1CFA1B34C9280029BFA9 /* Build configuration list for PBXProject "Cowmplication" */;
			compatibilityVersion = "Xcode 3.2";
			developmentRegion = English;
			hasScannedForEncodings = 0;
			knownRegions = (
				en,
				Base,
			);
			mainGroup = D0FF1CF61B34C9280029BFA9;
			productRefGroup = D0FF1D001B34C9280029BFA9 /* Products */;
			projectDirPath = "";
			projectRoot = "";
			targets = (
				D0FF1CFE1B34C9280029BFA9 /* Cowmplication */,
				D0FF1D101B34C9280029BFA9 /* Cowmplication WatchKit App */,
				D0FF1D1F1B34C9280029BFA9 /* Cowmplication WatchKit Extension */,
			);
		};
/* End PBXProject section */

/* Begin PBXResourcesBuildPhase section */
		D0FF1CFD1B34C9280029BFA9 /* Resources */ = {
			isa = PBXResourcesBuildPhase;
			buildActionMask = 2147483647;
			files = (
				D0FF1D0D1B34C9280029BFA9 /* LaunchScreen.storyboard in Resources */,
				D0FF1D0A1B34C9280029BFA9 /* Assets.xcassets in Resources */,
				D0FF1D081B34C9280029BFA9 /* Main.storyboard in Resources */,
			);
			runOnlyForDeploymentPostprocessing = 0;
		};
		D0FF1D0F1B34C9280029BFA9 /* Resources */ = {
			isa = PBXResourcesBuildPhase;
			buildActionMask = 2147483647;
			files = (
				D0FF1D1A1B34C9280029BFA9 /* Assets.xcassets in Resources */,
				D0FF1D181B34C9280029BFA9 /* Interface.storyboard in Resources */,
			);
			runOnlyForDeploymentPostprocessing = 0;
		};
		D0FF1D1E1B34C9280029BFA9 /* Resources */ = {
			isa = PBXResourcesBuildPhase;
			buildActionMask = 2147483647;
			files = (
				D0FF1D2A1B34C9280029BFA9 /* Assets.xcassets in Resources */,
			);
			runOnlyForDeploymentPostprocessing = 0;
		};
/* End PBXResourcesBuildPhase section */

/* Begin PBXSourcesBuildPhase section */
		D0FF1CFB1B34C9280029BFA9 /* Sources */ = {
			isa = PBXSourcesBuildPhase;
			buildActionMask = 2147483647;
			files = (
				D0FF1D051B34C9280029BFA9 /* ViewController.swift in Sources */,
				D0FF1D031B34C9280029BFA9 /* AppDelegate.swift in Sources */,
			);
			runOnlyForDeploymentPostprocessing = 0;
		};
		D0FF1D1C1B34C9280029BFA9 /* Sources */ = {
			isa = PBXSourcesBuildPhase;
			buildActionMask = 2147483647;
			files = (
				D0FF1D281B34C9280029BFA9 /* ExtensionDelegate.swift in Sources */,
				D0FF1D3B1B34C98F0029BFA9 /* Cowmplication.swift in Sources */,
				D0FF1D261B34C9280029BFA9 /* InterfaceController.swift in Sources */,
			);
			runOnlyForDeploymentPostprocessing = 0;
		};
/* End PBXSourcesBuildPhase section */

/* Begin PBXTargetDependency section */
		D0FF1D141B34C9280029BFA9 /* PBXTargetDependency */ = {
			isa = PBXTargetDependency;
			target = D0FF1D101B34C9280029BFA9 /* Cowmplication WatchKit App */;
			targetProxy = D0FF1D131B34C9280029BFA9 /* PBXContainerItemProxy */;
		};
		D0FF1D231B34C9280029BFA9 /* PBXTargetDependency */ = {
			isa = PBXTargetDependency;
			target = D0FF1D1F1B34C9280029BFA9 /* Cowmplication WatchKit Extension */;
			targetProxy = D0FF1D221B34C9280029BFA9 /* PBXContainerItemProxy */;
		};
/* End PBXTargetDependency section */

/* Begin PBXVariantGroup section */
		D0FF1D061B34C9280029BFA9 /* Main.storyboard */ = {
			isa = PBXVariantGroup;
			children = (
				D0FF1D071B34C9280029BFA9 /* Base */,
			);
			name = Main.storyboard;
			sourceTree = "<group>";
		};
		D0FF1D0B1B34C9280029BFA9 /* LaunchScreen.storyboard */ = {
			isa = PBXVariantGroup;
			children = (
				D0FF1D0C1B34C9280029BFA9 /* Base */,
			);
			name = LaunchScreen.storyboard;
			sourceTree = "<group>";
		};
		D0FF1D161B34C9280029BFA9 /* Interface.storyboard */ = {
			isa = PBXVariantGroup;
			children = (
				D0FF1D171B34C9280029BFA9 /* Base */,
			);
			name = Interface.storyboard;
			sourceTree = "<group>";
		};
/* End PBXVariantGroup section */

/* Begin XCBuildConfiguration section */
		D0FF1D2C1B34C9280029BFA9 /* Debug */ = {
			isa = XCBuildConfiguration;
			buildSettings = {
				ALWAYS_SEARCH_USER_PATHS = NO;
				CLANG_CXX_LANGUAGE_STANDARD = "gnu++0x";
				CLANG_CXX_LIBRARY = "libc++";
				CLANG_ENABLE_MODULES = YES;
				CLANG_ENABLE_OBJC_ARC = YES;
				CLANG_WARN_BOOL_CONVERSION = YES;
				CLANG_WARN_CONSTANT_CONVERSION = YES;
				CLANG_WARN_DIRECT_OBJC_ISA_USAGE = YES_ERROR;
				CLANG_WARN_EMPTY_BODY = YES;
				CLANG_WARN_ENUM_CONVERSION = YES;
				CLANG_WARN_INT_CONVERSION = YES;
				CLANG_WARN_OBJC_ROOT_CLASS = YES_ERROR;
				CLANG_WARN_UNREACHABLE_CODE = YES;
				CLANG_WARN__DUPLICATE_METHOD_MATCH = YES;
				"CODE_SIGN_IDENTITY[sdk=iphoneos*]" = "iPhone Developer";
				COPY_PHASE_STRIP = NO;
				DEBUG_INFORMATION_FORMAT = dwarf;
				ENABLE_STRICT_OBJC_MSGSEND = YES;
				ENABLE_TESTABILITY = YES;
				GCC_C_LANGUAGE_STANDARD = gnu99;
				GCC_DYNAMIC_NO_PIC = NO;
				GCC_NO_COMMON_BLOCKS = YES;
				GCC_OPTIMIZATION_LEVEL = 0;
				GCC_PREPROCESSOR_DEFINITIONS = (
					"DEBUG=1",
					"$(inherited)",
				);
				GCC_WARN_64_TO_32_BIT_CONVERSION = YES;
				GCC_WARN_ABOUT_RETURN_TYPE = YES_ERROR;
				GCC_WARN_UNDECLARED_SELECTOR = YES;
				GCC_WARN_UNINITIALIZED_AUTOS = YES_AGGRESSIVE;
				GCC_WARN_UNUSED_FUNCTION = YES;
				GCC_WARN_UNUSED_VARIABLE = YES;
				IPHONEOS_DEPLOYMENT_TARGET = 9.0;
				MTL_ENABLE_DEBUG_INFO = YES;
				ONLY_ACTIVE_ARCH = YES;
				SDKROOT = iphoneos;
				SWIFT_OPTIMIZATION_LEVEL = "-Onone";
			};
			name = Debug;
		};
		D0FF1D2D1B34C9280029BFA9 /* Release */ = {
			isa = XCBuildConfiguration;
			buildSettings = {
				ALWAYS_SEARCH_USER_PATHS = NO;
				CLANG_CXX_LANGUAGE_STANDARD = "gnu++0x";
				CLANG_CXX_LIBRARY = "libc++";
				CLANG_ENABLE_MODULES = YES;
				CLANG_ENABLE_OBJC_ARC = YES;
				CLANG_WARN_BOOL_CONVERSION = YES;
				CLANG_WARN_CONSTANT_CONVERSION = YES;
				CLANG_WARN_DIRECT_OBJC_ISA_USAGE = YES_ERROR;
				CLANG_WARN_EMPTY_BODY = YES;
				CLANG_WARN_ENUM_CONVERSION = YES;
				CLANG_WARN_INT_CONVERSION = YES;
				CLANG_WARN_OBJC_ROOT_CLASS = YES_ERROR;
				CLANG_WARN_UNREACHABLE_CODE = YES;
				CLANG_WARN__DUPLICATE_METHOD_MATCH = YES;
				"CODE_SIGN_IDENTITY[sdk=iphoneos*]" = "iPhone Developer";
				COPY_PHASE_STRIP = NO;
				DEBUG_INFORMATION_FORMAT = "dwarf-with-dsym";
				ENABLE_NS_ASSERTIONS = NO;
				ENABLE_STRICT_OBJC_MSGSEND = YES;
				GCC_C_LANGUAGE_STANDARD = gnu99;
				GCC_NO_COMMON_BLOCKS = YES;
				GCC_WARN_64_TO_32_BIT_CONVERSION = YES;
				GCC_WARN_ABOUT_RETURN_TYPE = YES_ERROR;
				GCC_WARN_UNDECLARED_SELECTOR = YES;
				GCC_WARN_UNINITIALIZED_AUTOS = YES_AGGRESSIVE;
				GCC_WARN_UNUSED_FUNCTION = YES;
				GCC_WARN_UNUSED_VARIABLE = YES;
				IPHONEOS_DEPLOYMENT_TARGET = 9.0;
				MTL_ENABLE_DEBUG_INFO = NO;
				SDKROOT = iphoneos;
				VALIDATE_PRODUCT = YES;
			};
			name = Release;
		};
		D0FF1D2F1B34C9280029BFA9 /* Debug */ = {
			isa = XCBuildConfiguration;
			buildSettings = {
				"CODE_SIGN_IDENTITY[sdk=watchos*]" = "iPhone Developer";
				INFOPLIST_FILE = "Cowmplication WatchKit Extension/Info.plist";
				LD_RUNPATH_SEARCH_PATHS = "$(inherited) @executable_path/Frameworks @executable_path/../../Frameworks";
				PRODUCT_BUNDLE_IDENTIFIER = com.sneakycrab.Cowmplication.watchkitapp.watchkitextension;
				PRODUCT_NAME = "${TARGET_NAME}";
				SDKROOT = watchos;
				SKIP_INSTALL = YES;
				TARGETED_DEVICE_FAMILY = 4;
				WATCHOS_DEPLOYMENT_TARGET = 2.0;
			};
			name = Debug;
		};
		D0FF1D301B34C9280029BFA9 /* Release */ = {
			isa = XCBuildConfiguration;
			buildSettings = {
				"CODE_SIGN_IDENTITY[sdk=watchos*]" = "iPhone Developer";
				INFOPLIST_FILE = "Cowmplication WatchKit Extension/Info.plist";
				LD_RUNPATH_SEARCH_PATHS = "$(inherited) @executable_path/Frameworks @executable_path/../../Frameworks";
				PRODUCT_BUNDLE_IDENTIFIER = com.sneakycrab.Cowmplication.watchkitapp.watchkitextension;
				PRODUCT_NAME = "${TARGET_NAME}";
				SDKROOT = watchos;
				SKIP_INSTALL = YES;
				TARGETED_DEVICE_FAMILY = 4;
				WATCHOS_DEPLOYMENT_TARGET = 2.0;
			};
			name = Release;
		};
		D0FF1D331B34C9280029BFA9 /* Debug */ = {
			isa = XCBuildConfiguration;
			buildSettings = {
				ASSETCATALOG_COMPILER_APPICON_NAME = AppIcon;
				"CODE_SIGN_IDENTITY[sdk=watchos*]" = "iPhone Developer";
				EMBEDDED_CONTENT_CONTAINS_SWIFT = YES;
				IBSC_MODULE = Cowmplication_WatchKit_Extension;
				INFOPLIST_FILE = "Cowmplication WatchKit App/Info.plist";
				PRODUCT_BUNDLE_IDENTIFIER = com.sneakycrab.Cowmplication.watchkitapp;
				PRODUCT_NAME = "$(TARGET_NAME)";
				SDKROOT = watchos;
				SKIP_INSTALL = YES;
				TARGETED_DEVICE_FAMILY = 4;
				WATCHOS_DEPLOYMENT_TARGET = 2.0;
			};
			name = Debug;
		};
		D0FF1D341B34C9280029BFA9 /* Release */ = {
			isa = XCBuildConfiguration;
			buildSettings = {
				ASSETCATALOG_COMPILER_APPICON_NAME = AppIcon;
				"CODE_SIGN_IDENTITY[sdk=watchos*]" = "iPhone Developer";
				EMBEDDED_CONTENT_CONTAINS_SWIFT = YES;
				IBSC_MODULE = Cowmplication_WatchKit_Extension;
				INFOPLIST_FILE = "Cowmplication WatchKit App/Info.plist";
				PRODUCT_BUNDLE_IDENTIFIER = com.sneakycrab.Cowmplication.watchkitapp;
				PRODUCT_NAME = "$(TARGET_NAME)";
				SDKROOT = watchos;
				SKIP_INSTALL = YES;
				TARGETED_DEVICE_FAMILY = 4;
				WATCHOS_DEPLOYMENT_TARGET = 2.0;
			};
			name = Release;
		};
		D0FF1D371B34C9280029BFA9 /* Debug */ = {
			isa = XCBuildConfiguration;
			buildSettings = {
				ASSETCATALOG_COMPILER_APPICON_NAME = AppIcon;
				INFOPLIST_FILE = Cowmplication/Info.plist;
				LD_RUNPATH_SEARCH_PATHS = "$(inherited) @executable_path/Frameworks";
				PRODUCT_BUNDLE_IDENTIFIER = com.sneakycrab.Cowmplication;
				PRODUCT_NAME = "$(TARGET_NAME)";
			};
			name = Debug;
		};
		D0FF1D381B34C9280029BFA9 /* Release */ = {
			isa = XCBuildConfiguration;
			buildSettings = {
				ASSETCATALOG_COMPILER_APPICON_NAME = AppIcon;
				INFOPLIST_FILE = Cowmplication/Info.plist;
				LD_RUNPATH_SEARCH_PATHS = "$(inherited) @executable_path/Frameworks";
				PRODUCT_BUNDLE_IDENTIFIER = com.sneakycrab.Cowmplication;
				PRODUCT_NAME = "$(TARGET_NAME)";
			};
			name = Release;
		};
/* End XCBuildConfiguration section */

/* Begin XCConfigurationList section */
		D0FF1CFA1B34C9280029BFA9 /* Build configuration list for PBXProject "Cowmplication" */ = {
			isa = XCConfigurationList;
			buildConfigurations = (
				D0FF1D2C1B34C9280029BFA9 /* Debug */,
				D0FF1D2D1B34C9280029BFA9 /* Release */,
			);
			defaultConfigurationIsVisible = 0;
			defaultConfigurationName = Release;
		};
		D0FF1D2E1B34C9280029BFA9 /* Build configuration list for PBXNativeTarget "Cowmplication WatchKit Extension" */ = {
			isa = XCConfigurationList;
			buildConfigurations = (
				D0FF1D2F1B34C9280029BFA9 /* Debug */,
				D0FF1D301B34C9280029BFA9 /* Release */,
			);
			defaultConfigurationIsVisible = 0;
		};
		D0FF1D321B34C9280029BFA9 /* Build configuration list for PBXNativeTarget "Cowmplication WatchKit App" */ = {
			isa = XCConfigurationList;
			buildConfigurations = (
				D0FF1D331B34C9280029BFA9 /* Debug */,
				D0FF1D341B34C9280029BFA9 /* Release */,
			);
			defaultConfigurationIsVisible = 0;
		};
		D0FF1D361B34C9280029BFA9 /* Build configuration list for PBXNativeTarget "Cowmplication" */ = {
			isa = XCConfigurationList;
			buildConfigurations = (
				D0FF1D371B34C9280029BFA9 /* Debug */,
				D0FF1D381B34C9280029BFA9 /* Release */,
			);
			defaultConfigurationIsVisible = 0;
		};
/* End XCConfigurationList section */
	};
	rootObject = D0FF1CF71B34C9280029BFA9 /* Project object */;
}
